
Microsoft Visual Studio Solution File, Format Version 12.00
# Visual Studio Version 17
VisualStudioVersion = 17.11.35312.102
MinimumVisualStudioVersion = 10.0.40219.1
Project("{FAE04EC0-301F-11D3-BF4B-00C04F79EFBC}") = "LeetCode21", "LeetCode21.csproj", "{B565DBD1-8364-4DAF-B879-74EEBD21898A}"
EndProject
Global
	GlobalSection(SolutionConfigurationPlatforms) = preSolution
		Debug|Any CPU = Debug|Any CPU
		Release|Any CPU = Release|Any CPU
	EndGlobalSection
	GlobalSection(ProjectConfigurationPlatforms) = postSolution
		{B565DBD1-8364-4DAF-B879-74EEBD21898A}.Debug|Any CPU.ActiveCfg = Debug|Any CPU
		{B565DBD1-8364-4DAF-B879-74EEBD21898A}.Debug|Any CPU.Build.0 = Debug|Any CPU
		{B565DBD1-8364-4DAF-B879-74EEBD21898A}.Release|Any CPU.ActiveCfg = Release|Any CPU
		{B565DBD1-8364-4DAF-B879-74EEBD21898A}.Release|Any CPU.Build.0 = Release|Any CPU
	EndGlobalSection
	GlobalSection(SolutionProperties) = preSolution
		HideSolutionNode = FALSE
	EndGlobalSection
	GlobalSection(ExtensibilityGlobals) = postSolution
		SolutionGuid = {7AC65D42-71CA-46EE-B455-33A4FFBB6188}
	EndGlobalSection
EndGlobal
